
Microsoft Visual Studio Solution File, Format Version 12.00
# Visual Studio 15
VisualStudioVersion = 15.0.28010.2016
MinimumVisualStudioVersion = 10.0.40219.1
Project("{9A19103F-16F7-4668-BE54-9A1E7A4F7556}") = "MiniJournal.Domain", "Source\MiniJournal.Domain\MiniJournal.Domain.csproj", "{1254E2AD-0B5F-44BB-8C9D-372604519835}"
EndProject
Project("{FAE04EC0-301F-11D3-BF4B-00C04F79EFBC}") = "MiniJournal.WcfService", "Source\MiniJournal.WcfService\MiniJournal.WcfService.csproj", "{1DB4CD40-00B8-4BFB-A8C8-743551977029}"
EndProject
Project("{FAE04EC0-301F-11D3-BF4B-00C04F79EFBC}") = "MiniJournal.WpfClient", "Source\MiniJournal.WpfClient\MiniJournal.WpfClient.csproj", "{F3CC43F4-6DC4-4B2E-8935-54AAE3587047}"
EndProject
Project("{FAE04EC0-301F-11D3-BF4B-00C04F79EFBC}") = "MiniJournal.WcfServiceClient", "Source\MiniJournal.WcfServiceClient\MiniJournal.WcfServiceClient.csproj", "{7F37DD18-2738-40D6-AC70-D03E142C81F3}"
	ProjectSection(ProjectDependencies) = postProject
		{1DB4CD40-00B8-4BFB-A8C8-743551977029} = {1DB4CD40-00B8-4BFB-A8C8-743551977029}
	EndProjectSection
EndProject
Project("{9A19103F-16F7-4668-BE54-9A1E7A4F7556}") = "MiniJournal.Application", "Source\MiniJournal.Application\MiniJournal.Application.csproj", "{D436A986-8A68-4328-B4C4-E50E354609EE}"
EndProject
Project("{2150E333-8FDC-42A3-9474-1A3956D46DE8}") = "UnitTests", "UnitTests", "{697BABA6-4903-4F54-B07C-E238BCB25796}"
EndProject
Project("{9A19103F-16F7-4668-BE54-9A1E7A4F7556}") = "MiniJournal.DiskStorage", "Source\MiniJournal.DiskStorage\MiniJournal.DiskStorage.csproj", "{57291744-BA41-4C85-A0F9-9986A4AD635B}"
EndProject
Project("{FAE04EC0-301F-11D3-BF4B-00C04F79EFBC}") = "Tests.Common", "UnitTests\Tests.Common\Tests.Common.csproj", "{3FEFCFC0-40AF-4A3B-84C8-767DA542F0BE}"
EndProject
Project("{FAE04EC0-301F-11D3-BF4B-00C04F79EFBC}") = "MiniJournal.WinService", "Source\MiniJournal.WinService\MiniJournal.WinService.csproj", "{CC02D932-5771-47C9-B466-CC816A521E19}"
EndProject
Project("{9A19103F-16F7-4668-BE54-9A1E7A4F7556}") = "MiniJournal.Contracts", "Source\MiniJournal.Contracts\MiniJournal.Contracts.csproj", "{083F751B-526E-4708-8744-6B8D33D299FA}"
EndProject
Project("{9A19103F-16F7-4668-BE54-9A1E7A4F7556}") = "MiniJournal.PostgreSql.NHibernate", "Source\MiniJournal.PsotgreSql.NHibernate\MiniJournal.PostgreSql.NHibernate.csproj", "{0EBD9AE1-581C-4000-92B2-549592B1B98D}"
EndProject
Project("{FAE04EC0-301F-11D3-BF4B-00C04F79EFBC}") = "MiniJournal.PowerShellCmdlet", "Source\MiniJournal.PowerShellCmdlet\MiniJournal.PowerShellCmdlet.csproj", "{6AE1EA8F-8E94-4E99-A3C8-1F99CF496E2E}"
EndProject
Project("{2150E333-8FDC-42A3-9474-1A3956D46DE8}") = "Solution Items", "Solution Items", "{CF5081C8-9F80-48E2-8511-82BE52B492ED}"
EndProject
Project("{9A19103F-16F7-4668-BE54-9A1E7A4F7556}") = "MiniJournal.RabbitMqPublisher", "Source\MiniJournal.RabbitMqPublisher\MiniJournal.RabbitMqPublisher.csproj", "{19CC668A-7B8F-4F22-8674-6FB0A425E076}"
EndProject
Project("{9A19103F-16F7-4668-BE54-9A1E7A4F7556}") = "MiniJournal.Events", "Source\MiniJournal.Events\MiniJournal.Events.csproj", "{9AD4E8E4-98CB-46B8-AD68-32A45C767CBE}"
EndProject
Project("{9A19103F-16F7-4668-BE54-9A1E7A4F7556}") = "MiniJournal.WebApp", "Source\MiniJournal.WebApp\MiniJournal.WebApp.csproj", "{B15084C8-AB1F-45C4-A26F-09B5C651354C}"
EndProject
Project("{2150E333-8FDC-42A3-9474-1A3956D46DE8}") = "Diagrams", "Diagrams", "{F5893520-CF3F-409F-B7B0-BB8932B65FEE}"
	ProjectSection(SolutionItems) = preProject
		Diagrams\Component.1.wsd = Diagrams\Component.1.wsd
		Diagrams\Sequence.CreateArticle.wsd = Diagrams\Sequence.CreateArticle.wsd
		Diagrams\Sequence.DeleteArticle.wsd = Diagrams\Sequence.DeleteArticle.wsd
		Diagrams\out\Component.1\Диаграмма компонентов MiniJournal.png = Diagrams\out\Component.1\Диаграмма компонентов MiniJournal.png
		Diagrams\out\Sequence.CreateArticle\Создание статьи.png = Diagrams\out\Sequence.CreateArticle\Создание статьи.png
		Diagrams\out\Sequence.DeleteArticle\Удаление статьи.png = Diagrams\out\Sequence.DeleteArticle\Удаление статьи.png
	EndProjectSection
EndProject
Global
	GlobalSection(SolutionConfigurationPlatforms) = preSolution
		Debug|Any CPU = Debug|Any CPU
		Release|Any CPU = Release|Any CPU
	EndGlobalSection
	GlobalSection(ProjectConfigurationPlatforms) = postSolution
		{1254E2AD-0B5F-44BB-8C9D-372604519835}.Debug|Any CPU.ActiveCfg = Debug|Any CPU
		{1254E2AD-0B5F-44BB-8C9D-372604519835}.Debug|Any CPU.Build.0 = Debug|Any CPU
		{1254E2AD-0B5F-44BB-8C9D-372604519835}.Release|Any CPU.ActiveCfg = Release|Any CPU
		{1254E2AD-0B5F-44BB-8C9D-372604519835}.Release|Any CPU.Build.0 = Release|Any CPU
		{1DB4CD40-00B8-4BFB-A8C8-743551977029}.Debug|Any CPU.ActiveCfg = Debug|Any CPU
		{1DB4CD40-00B8-4BFB-A8C8-743551977029}.Debug|Any CPU.Build.0 = Debug|Any CPU
		{1DB4CD40-00B8-4BFB-A8C8-743551977029}.Release|Any CPU.ActiveCfg = Release|Any CPU
		{1DB4CD40-00B8-4BFB-A8C8-743551977029}.Release|Any CPU.Build.0 = Release|Any CPU
		{F3CC43F4-6DC4-4B2E-8935-54AAE3587047}.Debug|Any CPU.ActiveCfg = Debug|Any CPU
		{F3CC43F4-6DC4-4B2E-8935-54AAE3587047}.Debug|Any CPU.Build.0 = Debug|Any CPU
		{F3CC43F4-6DC4-4B2E-8935-54AAE3587047}.Release|Any CPU.ActiveCfg = Release|Any CPU
		{F3CC43F4-6DC4-4B2E-8935-54AAE3587047}.Release|Any CPU.Build.0 = Release|Any CPU
		{7F37DD18-2738-40D6-AC70-D03E142C81F3}.Debug|Any CPU.ActiveCfg = Debug|Any CPU
		{7F37DD18-2738-40D6-AC70-D03E142C81F3}.Debug|Any CPU.Build.0 = Debug|Any CPU
		{7F37DD18-2738-40D6-AC70-D03E142C81F3}.Release|Any CPU.ActiveCfg = Release|Any CPU
		{7F37DD18-2738-40D6-AC70-D03E142C81F3}.Release|Any CPU.Build.0 = Release|Any CPU
		{D436A986-8A68-4328-B4C4-E50E354609EE}.Debug|Any CPU.ActiveCfg = Debug|Any CPU
		{D436A986-8A68-4328-B4C4-E50E354609EE}.Debug|Any CPU.Build.0 = Debug|Any CPU
		{D436A986-8A68-4328-B4C4-E50E354609EE}.Release|Any CPU.ActiveCfg = Release|Any CPU
		{D436A986-8A68-4328-B4C4-E50E354609EE}.Release|Any CPU.Build.0 = Release|Any CPU
		{57291744-BA41-4C85-A0F9-9986A4AD635B}.Debug|Any CPU.ActiveCfg = Debug|Any CPU
		{57291744-BA41-4C85-A0F9-9986A4AD635B}.Debug|Any CPU.Build.0 = Debug|Any CPU
		{57291744-BA41-4C85-A0F9-9986A4AD635B}.Release|Any CPU.ActiveCfg = Release|Any CPU
		{57291744-BA41-4C85-A0F9-9986A4AD635B}.Release|Any CPU.Build.0 = Release|Any CPU
		{3FEFCFC0-40AF-4A3B-84C8-767DA542F0BE}.Debug|Any CPU.ActiveCfg = Debug|Any CPU
		{3FEFCFC0-40AF-4A3B-84C8-767DA542F0BE}.Debug|Any CPU.Build.0 = Debug|Any CPU
		{3FEFCFC0-40AF-4A3B-84C8-767DA542F0BE}.Release|Any CPU.ActiveCfg = Release|Any CPU
		{3FEFCFC0-40AF-4A3B-84C8-767DA542F0BE}.Release|Any CPU.Build.0 = Release|Any CPU
		{CC02D932-5771-47C9-B466-CC816A521E19}.Debug|Any CPU.ActiveCfg = Debug|Any CPU
		{CC02D932-5771-47C9-B466-CC816A521E19}.Debug|Any CPU.Build.0 = Debug|Any CPU
		{CC02D932-5771-47C9-B466-CC816A521E19}.Release|Any CPU.ActiveCfg = Release|Any CPU
		{CC02D932-5771-47C9-B466-CC816A521E19}.Release|Any CPU.Build.0 = Release|Any CPU
		{083F751B-526E-4708-8744-6B8D33D299FA}.Debug|Any CPU.ActiveCfg = Debug|Any CPU
		{083F751B-526E-4708-8744-6B8D33D299FA}.Debug|Any CPU.Build.0 = Debug|Any CPU
		{083F751B-526E-4708-8744-6B8D33D299FA}.Release|Any CPU.ActiveCfg = Release|Any CPU
		{083F751B-526E-4708-8744-6B8D33D299FA}.Release|Any CPU.Build.0 = Release|Any CPU
		{0EBD9AE1-581C-4000-92B2-549592B1B98D}.Debug|Any CPU.ActiveCfg = Debug|Any CPU
		{0EBD9AE1-581C-4000-92B2-549592B1B98D}.Debug|Any CPU.Build.0 = Debug|Any CPU
		{0EBD9AE1-581C-4000-92B2-549592B1B98D}.Release|Any CPU.ActiveCfg = Release|Any CPU
		{0EBD9AE1-581C-4000-92B2-549592B1B98D}.Release|Any CPU.Build.0 = Release|Any CPU
		{6AE1EA8F-8E94-4E99-A3C8-1F99CF496E2E}.Debug|Any CPU.ActiveCfg = Debug|Any CPU
		{6AE1EA8F-8E94-4E99-A3C8-1F99CF496E2E}.Debug|Any CPU.Build.0 = Debug|Any CPU
		{6AE1EA8F-8E94-4E99-A3C8-1F99CF496E2E}.Release|Any CPU.ActiveCfg = Release|Any CPU
		{6AE1EA8F-8E94-4E99-A3C8-1F99CF496E2E}.Release|Any CPU.Build.0 = Release|Any CPU
		{19CC668A-7B8F-4F22-8674-6FB0A425E076}.Debug|Any CPU.ActiveCfg = Debug|Any CPU
		{19CC668A-7B8F-4F22-8674-6FB0A425E076}.Debug|Any CPU.Build.0 = Debug|Any CPU
		{19CC668A-7B8F-4F22-8674-6FB0A425E076}.Release|Any CPU.ActiveCfg = Release|Any CPU
		{19CC668A-7B8F-4F22-8674-6FB0A425E076}.Release|Any CPU.Build.0 = Release|Any CPU
		{9AD4E8E4-98CB-46B8-AD68-32A45C767CBE}.Debug|Any CPU.ActiveCfg = Debug|Any CPU
		{9AD4E8E4-98CB-46B8-AD68-32A45C767CBE}.Debug|Any CPU.Build.0 = Debug|Any CPU
		{9AD4E8E4-98CB-46B8-AD68-32A45C767CBE}.Release|Any CPU.ActiveCfg = Release|Any CPU
		{9AD4E8E4-98CB-46B8-AD68-32A45C767CBE}.Release|Any CPU.Build.0 = Release|Any CPU
		{B15084C8-AB1F-45C4-A26F-09B5C651354C}.Debug|Any CPU.ActiveCfg = Debug|Any CPU
		{B15084C8-AB1F-45C4-A26F-09B5C651354C}.Debug|Any CPU.Build.0 = Debug|Any CPU
		{B15084C8-AB1F-45C4-A26F-09B5C651354C}.Release|Any CPU.ActiveCfg = Release|Any CPU
		{B15084C8-AB1F-45C4-A26F-09B5C651354C}.Release|Any CPU.Build.0 = Release|Any CPU
	EndGlobalSection
	GlobalSection(SolutionProperties) = preSolution
		HideSolutionNode = FALSE
	EndGlobalSection
	GlobalSection(NestedProjects) = preSolution
		{3FEFCFC0-40AF-4A3B-84C8-767DA542F0BE} = {697BABA6-4903-4F54-B07C-E238BCB25796}
	EndGlobalSection
	GlobalSection(ExtensibilityGlobals) = postSolution
		SolutionGuid = {D4633277-721C-4031-9B08-2A13B9F94C20}
	EndGlobalSection
EndGlobal
